
Microsoft Visual Studio Solution File, Format Version 12.00
# Visual Studio Version 17
VisualStudioVersion = 17.5.33627.172
MinimumVisualStudioVersion = 10.0.40219.1
Project("{FAE04EC0-301F-11D3-BF4B-00C04F79EFBC}") = "Learning C#", "Learning C#\Learning C#.csproj", "{B5343E63-9400-4DB1-930E-F654680C413E}"
EndProject
Project("{FAE04EC0-301F-11D3-BF4B-00C04F79EFBC}") = "Primitives Datatypes", "Primitives Datatypes\Primitives Datatypes.csproj", "{AD362F6F-3522-4477-951A-982E42677296}"
EndProject
Global
	GlobalSection(SolutionConfigurationPlatforms) = preSolution
		Debug|Any CPU = Debug|Any CPU
		Release|Any CPU = Release|Any CPU
	EndGlobalSection
	GlobalSection(ProjectConfigurationPlatforms) = postSolution
		{B5343E63-9400-4DB1-930E-F654680C413E}.Debug|Any CPU.ActiveCfg = Debug|Any CPU
		{B5343E63-9400-4DB1-930E-F654680C413E}.Debug|Any CPU.Build.0 = Debug|Any CPU
		{B5343E63-9400-4DB1-930E-F654680C413E}.Release|Any CPU.ActiveCfg = Release|Any CPU
		{B5343E63-9400-4DB1-930E-F654680C413E}.Release|Any CPU.Build.0 = Release|Any CPU
		{AD362F6F-3522-4477-951A-982E42677296}.Debug|Any CPU.ActiveCfg = Debug|Any CPU
		{AD362F6F-3522-4477-951A-982E42677296}.Debug|Any CPU.Build.0 = Debug|Any CPU
		{AD362F6F-3522-4477-951A-982E42677296}.Release|Any CPU.ActiveCfg = Release|Any CPU
		{AD362F6F-3522-4477-951A-982E42677296}.Release|Any CPU.Build.0 = Release|Any CPU
	EndGlobalSection
	GlobalSection(SolutionProperties) = preSolution
		HideSolutionNode = FALSE
	EndGlobalSection
	GlobalSection(ExtensibilityGlobals) = postSolution
		SolutionGuid = {C0EB170B-D2DA-452D-8AFC-2158BFB4E63B}
	EndGlobalSection
EndGlobal
